
Microsoft Visual Studio Solution File, Format Version 12.00
# Visual Studio 2012
Project("{FAE04EC0-301F-11D3-BF4B-00C04F79EFBC}") = "SharePoint.WCFService.Sample", "SharePoint.WCFService.Sample\SharePoint.WCFService.Sample.csproj", "{AF10E8E7-7CE9-468E-AE96-7F2C083391DC}"
EndProject
Global
	GlobalSection(SolutionConfigurationPlatforms) = preSolution
		Debug|Any CPU = Debug|Any CPU
		Release|Any CPU = Release|Any CPU
	EndGlobalSection
	GlobalSection(ProjectConfigurationPlatforms) = postSolution
		{AF10E8E7-7CE9-468E-AE96-7F2C083391DC}.Debug|Any CPU.ActiveCfg = Debug|Any CPU
		{AF10E8E7-7CE9-468E-AE96-7F2C083391DC}.Debug|Any CPU.Build.0 = Debug|Any CPU
		{AF10E8E7-7CE9-468E-AE96-7F2C083391DC}.Debug|Any CPU.Deploy.0 = Debug|Any CPU
		{AF10E8E7-7CE9-468E-AE96-7F2C083391DC}.Release|Any CPU.ActiveCfg = Release|Any CPU
		{AF10E8E7-7CE9-468E-AE96-7F2C083391DC}.Release|Any CPU.Build.0 = Release|Any CPU
		{AF10E8E7-7CE9-468E-AE96-7F2C083391DC}.Release|Any CPU.Deploy.0 = Release|Any CPU
	EndGlobalSection
	GlobalSection(SolutionProperties) = preSolution
		HideSolutionNode = FALSE
	EndGlobalSection
EndGlobal
